
Microsoft Visual Studio Solution File, Format Version 12.00
# Visual Studio Version 17
VisualStudioVersion = 17.7.34024.191
MinimumVisualStudioVersion = 10.0.40219.1
Project("{FAE04EC0-301F-11D3-BF4B-00C04F79EFBC}") = "api angular1", "api angular1\api angular1.csproj", "{834C5C0D-4083-48D5-9404-486669ECF6E7}"
EndProject
Global
	GlobalSection(SolutionConfigurationPlatforms) = preSolution
		Debug|Any CPU = Debug|Any CPU
		Release|Any CPU = Release|Any CPU
	EndGlobalSection
	GlobalSection(ProjectConfigurationPlatforms) = postSolution
		{834C5C0D-4083-48D5-9404-486669ECF6E7}.Debug|Any CPU.ActiveCfg = Debug|Any CPU
		{834C5C0D-4083-48D5-9404-486669ECF6E7}.Debug|Any CPU.Build.0 = Debug|Any CPU
		{834C5C0D-4083-48D5-9404-486669ECF6E7}.Release|Any CPU.ActiveCfg = Release|Any CPU
		{834C5C0D-4083-48D5-9404-486669ECF6E7}.Release|Any CPU.Build.0 = Release|Any CPU
	EndGlobalSection
	GlobalSection(SolutionProperties) = preSolution
		HideSolutionNode = FALSE
	EndGlobalSection
	GlobalSection(ExtensibilityGlobals) = postSolution
		SolutionGuid = {146C5026-FFC7-48D0-B7A6-8DF2B85F32D5}
	EndGlobalSection
EndGlobal
